
Microsoft Visual Studio Solution File, Format Version 12.00
# Visual Studio 2013
VisualStudioVersion = 12.0.30723.0
MinimumVisualStudioVersion = 10.0.40219.1
Project("{FAE04EC0-301F-11D3-BF4B-00C04F79EFBC}") = "ProjectEuler", "ProjectEuler\ProjectEuler.csproj", "{78BFC0A8-7325-4AAB-B543-FA7756CFA981}"
EndProject
Project("{FAE04EC0-301F-11D3-BF4B-00C04F79EFBC}") = "PE_Problem2", "PE_Problem2\PE_Problem2.csproj", "{98FAB6AF-44C6-4FEE-8C44-2EF44FF226DC}"
EndProject
Project("{FAE04EC0-301F-11D3-BF4B-00C04F79EFBC}") = "PE_Problem3", "PE_Problem3\PE_Problem3.csproj", "{B06E023A-DE78-410E-A38C-CFC47E7C06DD}"
EndProject
Project("{FAE04EC0-301F-11D3-BF4B-00C04F79EFBC}") = "PE_Problem1", "PE_Problem1\PE_Problem1.csproj", "{02E8EAB2-54E1-4AC8-965D-23769687ABA4}"
EndProject
Project("{FAE04EC0-301F-11D3-BF4B-00C04F79EFBC}") = "PE_Problem4", "PE_Problem4\PE_Problem4.csproj", "{65BF2E83-A48A-4CA1-9A43-3E5F69FE22CF}"
EndProject
Project("{FAE04EC0-301F-11D3-BF4B-00C04F79EFBC}") = "PE_Problem5", "PE_Problem5\PE_Problem5.csproj", "{136D6313-D3C4-4328-88EF-D9B44184F5A3}"
EndProject
Global
	GlobalSection(SolutionConfigurationPlatforms) = preSolution
		Debug|Any CPU = Debug|Any CPU
		Release|Any CPU = Release|Any CPU
	EndGlobalSection
	GlobalSection(ProjectConfigurationPlatforms) = postSolution
		{78BFC0A8-7325-4AAB-B543-FA7756CFA981}.Debug|Any CPU.ActiveCfg = Debug|Any CPU
		{78BFC0A8-7325-4AAB-B543-FA7756CFA981}.Debug|Any CPU.Build.0 = Debug|Any CPU
		{78BFC0A8-7325-4AAB-B543-FA7756CFA981}.Release|Any CPU.ActiveCfg = Release|Any CPU
		{78BFC0A8-7325-4AAB-B543-FA7756CFA981}.Release|Any CPU.Build.0 = Release|Any CPU
		{98FAB6AF-44C6-4FEE-8C44-2EF44FF226DC}.Debug|Any CPU.ActiveCfg = Debug|Any CPU
		{98FAB6AF-44C6-4FEE-8C44-2EF44FF226DC}.Debug|Any CPU.Build.0 = Debug|Any CPU
		{98FAB6AF-44C6-4FEE-8C44-2EF44FF226DC}.Release|Any CPU.ActiveCfg = Release|Any CPU
		{98FAB6AF-44C6-4FEE-8C44-2EF44FF226DC}.Release|Any CPU.Build.0 = Release|Any CPU
		{B06E023A-DE78-410E-A38C-CFC47E7C06DD}.Debug|Any CPU.ActiveCfg = Debug|Any CPU
		{B06E023A-DE78-410E-A38C-CFC47E7C06DD}.Debug|Any CPU.Build.0 = Debug|Any CPU
		{B06E023A-DE78-410E-A38C-CFC47E7C06DD}.Release|Any CPU.ActiveCfg = Release|Any CPU
		{B06E023A-DE78-410E-A38C-CFC47E7C06DD}.Release|Any CPU.Build.0 = Release|Any CPU
		{02E8EAB2-54E1-4AC8-965D-23769687ABA4}.Debug|Any CPU.ActiveCfg = Debug|Any CPU
		{02E8EAB2-54E1-4AC8-965D-23769687ABA4}.Debug|Any CPU.Build.0 = Debug|Any CPU
		{02E8EAB2-54E1-4AC8-965D-23769687ABA4}.Release|Any CPU.ActiveCfg = Release|Any CPU
		{02E8EAB2-54E1-4AC8-965D-23769687ABA4}.Release|Any CPU.Build.0 = Release|Any CPU
		{65BF2E83-A48A-4CA1-9A43-3E5F69FE22CF}.Debug|Any CPU.ActiveCfg = Debug|Any CPU
		{65BF2E83-A48A-4CA1-9A43-3E5F69FE22CF}.Debug|Any CPU.Build.0 = Debug|Any CPU
		{65BF2E83-A48A-4CA1-9A43-3E5F69FE22CF}.Release|Any CPU.ActiveCfg = Release|Any CPU
		{65BF2E83-A48A-4CA1-9A43-3E5F69FE22CF}.Release|Any CPU.Build.0 = Release|Any CPU
		{136D6313-D3C4-4328-88EF-D9B44184F5A3}.Debug|Any CPU.ActiveCfg = Debug|Any CPU
		{136D6313-D3C4-4328-88EF-D9B44184F5A3}.Debug|Any CPU.Build.0 = Debug|Any CPU
		{136D6313-D3C4-4328-88EF-D9B44184F5A3}.Release|Any CPU.ActiveCfg = Release|Any CPU
		{136D6313-D3C4-4328-88EF-D9B44184F5A3}.Release|Any CPU.Build.0 = Release|Any CPU
	EndGlobalSection
	GlobalSection(SolutionProperties) = preSolution
		HideSolutionNode = FALSE
	EndGlobalSection
EndGlobal
